# THIS IS AN AUTOGENERATED FILE. DO NOT EDIT THIS FILE DIRECTLY.
# yarn lockfile v1


lit-element@^2.4.0:
  version "2.5.1"
  resolved "https://registry.yarnpkg.com/lit-element/-/lit-element-2.5.1.tgz#3fa74b121a6cd22902409ae3859b7847d01aa6b6"
  integrity sha512-ogu7PiJTA33bEK0xGu1dmaX5vhcRjBXCFexPja0e7P7jqLhTpNKYRPmE+GmiCaRVAbiQKGkUgkh/i6+bh++dPQ==
  dependencies:
    lit-html "^1.1.1"

lit-html@^1.1.1:
  version "1.4.1"
  resolved "https://registry.yarnpkg.com/lit-html/-/lit-html-1.4.1.tgz#0c6f3ee4ad4eb610a49831787f0478ad8e9ae5e0"
  integrity sha512-B9btcSgPYb1q4oSOb/PrOT6Z/H+r6xuNzfH4lFli/AWhYwdtrgQkQWBbIc6mdnf6E2IL3gDXdkkqNktpU0OZQA==
